
Microsoft Visual Studio Solution File, Format Version 12.00
# Visual Studio 15
VisualStudioVersion = 15.0.27428.2037
MinimumVisualStudioVersion = 10.0.40219.1
Project("{FAE04EC0-301F-11D3-BF4B-00C04F79EFBC}") = "Game", "Game\Game.csproj", "{8776324F-0710-43D1-803D-A52923648BFF}"
EndProject
Global
	GlobalSection(SolutionConfigurationPlatforms) = preSolution
		Debug|Any CPU = Debug|Any CPU
		Release|Any CPU = Release|Any CPU
	EndGlobalSection
	GlobalSection(ProjectConfigurationPlatforms) = postSolution
		{8776324F-0710-43D1-803D-A52923648BFF}.Debug|Any CPU.ActiveCfg = Debug|Any CPU
		{8776324F-0710-43D1-803D-A52923648BFF}.Debug|Any CPU.Build.0 = Debug|Any CPU
		{8776324F-0710-43D1-803D-A52923648BFF}.Release|Any CPU.ActiveCfg = Release|Any CPU
		{8776324F-0710-43D1-803D-A52923648BFF}.Release|Any CPU.Build.0 = Release|Any CPU
	EndGlobalSection
	GlobalSection(SolutionProperties) = preSolution
		HideSolutionNode = FALSE
	EndGlobalSection
	GlobalSection(ExtensibilityGlobals) = postSolution
		SolutionGuid = {9697AC7F-702D-459C-A05C-2BC3336445F1}
	EndGlobalSection
EndGlobal
