
Microsoft Visual Studio Solution File, Format Version 12.00
# Visual Studio 15
VisualStudioVersion = 15.0.27428.2037
MinimumVisualStudioVersion = 10.0.40219.1
Project("{FAE04EC0-301F-11D3-BF4B-00C04F79EFBC}") = "Imusik", "Imusik\Imusik.csproj", "{6971FDB5-C2BF-43A9-A571-340E681605FD}"
EndProject
Global
	GlobalSection(SolutionConfigurationPlatforms) = preSolution
		Debug|Any CPU = Debug|Any CPU
		Release|Any CPU = Release|Any CPU
	EndGlobalSection
	GlobalSection(ProjectConfigurationPlatforms) = postSolution
		{6971FDB5-C2BF-43A9-A571-340E681605FD}.Debug|Any CPU.ActiveCfg = Debug|Any CPU
		{6971FDB5-C2BF-43A9-A571-340E681605FD}.Debug|Any CPU.Build.0 = Debug|Any CPU
		{6971FDB5-C2BF-43A9-A571-340E681605FD}.Release|Any CPU.ActiveCfg = Release|Any CPU
		{6971FDB5-C2BF-43A9-A571-340E681605FD}.Release|Any CPU.Build.0 = Release|Any CPU
	EndGlobalSection
	GlobalSection(SolutionProperties) = preSolution
		HideSolutionNode = FALSE
	EndGlobalSection
	GlobalSection(ExtensibilityGlobals) = postSolution
		SolutionGuid = {7A348A94-1CAA-47CA-98AD-F46E0F41DA66}
	EndGlobalSection
EndGlobal
